
Microsoft Visual Studio Solution File, Format Version 12.00
Project("{FAE04EC0-301F-11D3-BF4B-00C04F79EFBC}") = "Praktikum0301", "Praktikum0301\Praktikum0301.csproj", "{EEA73D24-7CD7-4690-A9E6-1B85B0AF4ED8}"
EndProject
Project("{FAE04EC0-301F-11D3-BF4B-00C04F79EFBC}") = "Praktikum0302", "Praktikum0302\Praktikum0302\Praktikum0302.csproj", "{A119AA11-76BC-4FAE-AEBE-5CFCB9AF6B88}"
EndProject
Global
	GlobalSection(SolutionConfigurationPlatforms) = preSolution
		Debug|Any CPU = Debug|Any CPU
		Release|Any CPU = Release|Any CPU
	EndGlobalSection
	GlobalSection(ProjectConfigurationPlatforms) = postSolution
		{EEA73D24-7CD7-4690-A9E6-1B85B0AF4ED8}.Debug|Any CPU.ActiveCfg = Debug|Any CPU
		{EEA73D24-7CD7-4690-A9E6-1B85B0AF4ED8}.Debug|Any CPU.Build.0 = Debug|Any CPU
		{EEA73D24-7CD7-4690-A9E6-1B85B0AF4ED8}.Release|Any CPU.ActiveCfg = Release|Any CPU
		{EEA73D24-7CD7-4690-A9E6-1B85B0AF4ED8}.Release|Any CPU.Build.0 = Release|Any CPU
		{A119AA11-76BC-4FAE-AEBE-5CFCB9AF6B88}.Debug|Any CPU.ActiveCfg = Debug|Any CPU
		{A119AA11-76BC-4FAE-AEBE-5CFCB9AF6B88}.Debug|Any CPU.Build.0 = Debug|Any CPU
		{A119AA11-76BC-4FAE-AEBE-5CFCB9AF6B88}.Release|Any CPU.ActiveCfg = Release|Any CPU
		{A119AA11-76BC-4FAE-AEBE-5CFCB9AF6B88}.Release|Any CPU.Build.0 = Release|Any CPU
	EndGlobalSection
EndGlobal
