
Microsoft Visual Studio Solution File, Format Version 12.00
Project("{FAE04EC0-301F-11D3-BF4B-00C04F79EFBC}") = "Übung01", "Übung01.csproj", "{C075C720-291C-4018-A0C0-976A07E146B5}"
EndProject
Global
	GlobalSection(SolutionConfigurationPlatforms) = preSolution
		Debug|Any CPU = Debug|Any CPU
		Release|Any CPU = Release|Any CPU
	EndGlobalSection
	GlobalSection(ProjectConfigurationPlatforms) = postSolution
		{C075C720-291C-4018-A0C0-976A07E146B5}.Debug|Any CPU.ActiveCfg = Debug|Any CPU
		{C075C720-291C-4018-A0C0-976A07E146B5}.Debug|Any CPU.Build.0 = Debug|Any CPU
		{C075C720-291C-4018-A0C0-976A07E146B5}.Release|Any CPU.ActiveCfg = Release|Any CPU
		{C075C720-291C-4018-A0C0-976A07E146B5}.Release|Any CPU.Build.0 = Release|Any CPU
	EndGlobalSection
EndGlobal
