
Microsoft Visual Studio Solution File, Format Version 12.00
Project("{FAE04EC0-301F-11D3-BF4B-00C04F79EFBC}") = "Übung01", "Übung01\Übung01.csproj", "{A714F811-9615-4554-A681-367EB2552B5F}"
EndProject
Project("{FAE04EC0-301F-11D3-BF4B-00C04F79EFBC}") = "Übung02", "Übung02\Übung02.csproj", "{E5FEA6E0-56C8-484F-8B9E-4A6B0D9D163F}"
EndProject
Project("{FAE04EC0-301F-11D3-BF4B-00C04F79EFBC}") = "Übung03", "Übung03\Übung03.csproj", "{DE5D2EBA-4C0D-46AC-9E34-4CC00B9A0F34}"
EndProject
Project("{FAE04EC0-301F-11D3-BF4B-00C04F79EFBC}") = "Übung04", "Übung04\Übung04.csproj", "{709A1713-CC4C-40E1-A7E2-E11D6DF2995E}"
EndProject
Project("{FAE04EC0-301F-11D3-BF4B-00C04F79EFBC}") = "Übung05", "Übung05\Übung05.csproj", "{4A32FF2D-7770-4297-8FCA-82DF659D0075}"
EndProject
Project("{FAE04EC0-301F-11D3-BF4B-00C04F79EFBC}") = "übung06", "übung06\übung06.csproj", "{217ED0EC-0DA9-444E-8BF0-8AA7912CD108}"
EndProject
Project("{FAE04EC0-301F-11D3-BF4B-00C04F79EFBC}") = "Übung07", "Übung07\Übung07.csproj", "{E0018D34-E65F-4BBC-A99C-0AA53FFC0C1B}"
EndProject
Project("{FAE04EC0-301F-11D3-BF4B-00C04F79EFBC}") = "Übung08", "Übung08\Übung08.csproj", "{4D06838A-7DC3-468E-9FB9-66D6DE7DB617}"
EndProject
Project("{FAE04EC0-301F-11D3-BF4B-00C04F79EFBC}") = "Übung081", "Übung081\Übung081.csproj", "{D65D528F-9162-4F34-A5C7-C2ABDE1560FE}"
EndProject
Global
	GlobalSection(SolutionConfigurationPlatforms) = preSolution
		Debug|Any CPU = Debug|Any CPU
		Release|Any CPU = Release|Any CPU
	EndGlobalSection
	GlobalSection(ProjectConfigurationPlatforms) = postSolution
		{A714F811-9615-4554-A681-367EB2552B5F}.Debug|Any CPU.ActiveCfg = Debug|Any CPU
		{A714F811-9615-4554-A681-367EB2552B5F}.Debug|Any CPU.Build.0 = Debug|Any CPU
		{A714F811-9615-4554-A681-367EB2552B5F}.Release|Any CPU.ActiveCfg = Release|Any CPU
		{A714F811-9615-4554-A681-367EB2552B5F}.Release|Any CPU.Build.0 = Release|Any CPU
		{E5FEA6E0-56C8-484F-8B9E-4A6B0D9D163F}.Debug|Any CPU.ActiveCfg = Debug|Any CPU
		{E5FEA6E0-56C8-484F-8B9E-4A6B0D9D163F}.Debug|Any CPU.Build.0 = Debug|Any CPU
		{E5FEA6E0-56C8-484F-8B9E-4A6B0D9D163F}.Release|Any CPU.ActiveCfg = Release|Any CPU
		{E5FEA6E0-56C8-484F-8B9E-4A6B0D9D163F}.Release|Any CPU.Build.0 = Release|Any CPU
		{DE5D2EBA-4C0D-46AC-9E34-4CC00B9A0F34}.Debug|Any CPU.ActiveCfg = Debug|Any CPU
		{DE5D2EBA-4C0D-46AC-9E34-4CC00B9A0F34}.Debug|Any CPU.Build.0 = Debug|Any CPU
		{DE5D2EBA-4C0D-46AC-9E34-4CC00B9A0F34}.Release|Any CPU.ActiveCfg = Release|Any CPU
		{DE5D2EBA-4C0D-46AC-9E34-4CC00B9A0F34}.Release|Any CPU.Build.0 = Release|Any CPU
		{709A1713-CC4C-40E1-A7E2-E11D6DF2995E}.Debug|Any CPU.ActiveCfg = Debug|Any CPU
		{709A1713-CC4C-40E1-A7E2-E11D6DF2995E}.Debug|Any CPU.Build.0 = Debug|Any CPU
		{709A1713-CC4C-40E1-A7E2-E11D6DF2995E}.Release|Any CPU.ActiveCfg = Release|Any CPU
		{709A1713-CC4C-40E1-A7E2-E11D6DF2995E}.Release|Any CPU.Build.0 = Release|Any CPU
		{4A32FF2D-7770-4297-8FCA-82DF659D0075}.Debug|Any CPU.ActiveCfg = Debug|Any CPU
		{4A32FF2D-7770-4297-8FCA-82DF659D0075}.Debug|Any CPU.Build.0 = Debug|Any CPU
		{4A32FF2D-7770-4297-8FCA-82DF659D0075}.Release|Any CPU.ActiveCfg = Release|Any CPU
		{4A32FF2D-7770-4297-8FCA-82DF659D0075}.Release|Any CPU.Build.0 = Release|Any CPU
		{217ED0EC-0DA9-444E-8BF0-8AA7912CD108}.Debug|Any CPU.ActiveCfg = Debug|Any CPU
		{217ED0EC-0DA9-444E-8BF0-8AA7912CD108}.Debug|Any CPU.Build.0 = Debug|Any CPU
		{217ED0EC-0DA9-444E-8BF0-8AA7912CD108}.Release|Any CPU.ActiveCfg = Release|Any CPU
		{217ED0EC-0DA9-444E-8BF0-8AA7912CD108}.Release|Any CPU.Build.0 = Release|Any CPU
		{E0018D34-E65F-4BBC-A99C-0AA53FFC0C1B}.Debug|Any CPU.ActiveCfg = Debug|Any CPU
		{E0018D34-E65F-4BBC-A99C-0AA53FFC0C1B}.Debug|Any CPU.Build.0 = Debug|Any CPU
		{E0018D34-E65F-4BBC-A99C-0AA53FFC0C1B}.Release|Any CPU.ActiveCfg = Release|Any CPU
		{E0018D34-E65F-4BBC-A99C-0AA53FFC0C1B}.Release|Any CPU.Build.0 = Release|Any CPU
		{4D06838A-7DC3-468E-9FB9-66D6DE7DB617}.Debug|Any CPU.ActiveCfg = Debug|Any CPU
		{4D06838A-7DC3-468E-9FB9-66D6DE7DB617}.Debug|Any CPU.Build.0 = Debug|Any CPU
		{4D06838A-7DC3-468E-9FB9-66D6DE7DB617}.Release|Any CPU.ActiveCfg = Release|Any CPU
		{4D06838A-7DC3-468E-9FB9-66D6DE7DB617}.Release|Any CPU.Build.0 = Release|Any CPU
		{D65D528F-9162-4F34-A5C7-C2ABDE1560FE}.Debug|Any CPU.ActiveCfg = Debug|Any CPU
		{D65D528F-9162-4F34-A5C7-C2ABDE1560FE}.Debug|Any CPU.Build.0 = Debug|Any CPU
		{D65D528F-9162-4F34-A5C7-C2ABDE1560FE}.Release|Any CPU.ActiveCfg = Release|Any CPU
		{D65D528F-9162-4F34-A5C7-C2ABDE1560FE}.Release|Any CPU.Build.0 = Release|Any CPU
	EndGlobalSection
EndGlobal
