
Microsoft Visual Studio Solution File, Format Version 12.00
Project("{FAE04EC0-301F-11D3-BF4B-00C04F79EFBC}") = "Praktikum2.2", "Praktikum2.2\Praktikum2.2.csproj", "{3ABE4457-BDD8-462F-AD78-DDBD6F7A5725}"
EndProject
Global
	GlobalSection(SolutionConfigurationPlatforms) = preSolution
		Debug|Any CPU = Debug|Any CPU
		Release|Any CPU = Release|Any CPU
	EndGlobalSection
	GlobalSection(ProjectConfigurationPlatforms) = postSolution
		{3ABE4457-BDD8-462F-AD78-DDBD6F7A5725}.Debug|Any CPU.ActiveCfg = Debug|Any CPU
		{3ABE4457-BDD8-462F-AD78-DDBD6F7A5725}.Debug|Any CPU.Build.0 = Debug|Any CPU
		{3ABE4457-BDD8-462F-AD78-DDBD6F7A5725}.Release|Any CPU.ActiveCfg = Release|Any CPU
		{3ABE4457-BDD8-462F-AD78-DDBD6F7A5725}.Release|Any CPU.Build.0 = Release|Any CPU
	EndGlobalSection
EndGlobal
